// !$*UTF8*$!
{
	archiveVersion = 1;
	classes = {
	};
	objectVersion = 55;
	objects = {

/* Begin PBXBuildFile section */
		0A0161EF28A8FC410069C4AF /* AppDelegate.swift in Sources */ = {isa = PBXBuildFile; fileRef = 0A0161EE28A8FC410069C4AF /* AppDelegate.swift */; };
		0A0161F128A8FC410069C4AF /* SceneDelegate.swift in Sources */ = {isa = PBXBuildFile; fileRef = 0A0161F028A8FC410069C4AF /* SceneDelegate.swift */; };
		0A0161F628A8FC410069C4AF /* Main.storyboard in Resources */ = {isa = PBXBuildFile; fileRef = 0A0161F428A8FC410069C4AF /* Main.storyboard */; };
		0A0161F828A8FC420069C4AF /* Assets.xcassets in Resources */ = {isa = PBXBuildFile; fileRef = 0A0161F728A8FC420069C4AF /* Assets.xcassets */; };
		0A0161FB28A8FC420069C4AF /* LaunchScreen.storyboard in Resources */ = {isa = PBXBuildFile; fileRef = 0A0161F928A8FC420069C4AF /* LaunchScreen.storyboard */; };
		0A01620328A8FE1A0069C4AF /* WeatherViewController.swift in Sources */ = {isa = PBXBuildFile; fileRef = 0A01620228A8FE1A0069C4AF /* WeatherViewController.swift */; };
		0A01620528A8FE7C0069C4AF /* .gitignore in Resources */ = {isa = PBXBuildFile; fileRef = 0A01620428A8FE7C0069C4AF /* .gitignore */; };
		0A01620728A8FE930069C4AF /* APIKey.swift in Sources */ = {isa = PBXBuildFile; fileRef = 0A01620628A8FE930069C4AF /* APIKey.swift */; };
		0A01620A28A8FEF50069C4AF /* Endpoint.swift in Sources */ = {isa = PBXBuildFile; fileRef = 0A01620928A8FEF50069C4AF /* Endpoint.swift */; };
		0A01620C28A8FF3A0069C4AF /* APIManager.swift in Sources */ = {isa = PBXBuildFile; fileRef = 0A01620B28A8FF3A0069C4AF /* APIManager.swift */; };
		0A01620F28A8FF900069C4AF /* Alamofire in Frameworks */ = {isa = PBXBuildFile; productRef = 0A01620E28A8FF900069C4AF /* Alamofire */; };
		0A01621228A8FF9B0069C4AF /* SwiftyJSON in Frameworks */ = {isa = PBXBuildFile; productRef = 0A01621128A8FF9B0069C4AF /* SwiftyJSON */; };
		0A01621528A933030069C4AF /* UIViewController+Extension.swift in Sources */ = {isa = PBXBuildFile; fileRef = 0A01621428A933030069C4AF /* UIViewController+Extension.swift */; };
/* End PBXBuildFile section */

/* Begin PBXFileReference section */
		0A0161EB28A8FC410069C4AF /* Weather.app */ = {isa = PBXFileReference; explicitFileType = wrapper.application; includeInIndex = 0; path = Weather.app; sourceTree = BUILT_PRODUCTS_DIR; };
		0A0161EE28A8FC410069C4AF /* AppDelegate.swift */ = {isa = PBXFileReference; lastKnownFileType = sourcecode.swift; path = AppDelegate.swift; sourceTree = "<group>"; };
		0A0161F028A8FC410069C4AF /* SceneDelegate.swift */ = {isa = PBXFileReference; lastKnownFileType = sourcecode.swift; path = SceneDelegate.swift; sourceTree = "<group>"; };
		0A0161F528A8FC410069C4AF /* Base */ = {isa = PBXFileReference; lastKnownFileType = file.storyboard; name = Base; path = Base.lproj/Main.storyboard; sourceTree = "<group>"; };
		0A0161F728A8FC420069C4AF /* Assets.xcassets */ = {isa = PBXFileReference; lastKnownFileType = folder.assetcatalog; path = Assets.xcassets; sourceTree = "<group>"; };
		0A0161FA28A8FC420069C4AF /* Base */ = {isa = PBXFileReference; lastKnownFileType = file.storyboard; name = Base; path = Base.lproj/LaunchScreen.storyboard; sourceTree = "<group>"; };
		0A0161FC28A8FC420069C4AF /* Info.plist */ = {isa = PBXFileReference; lastKnownFileType = text.plist.xml; path = Info.plist; sourceTree = "<group>"; };
		0A01620228A8FE1A0069C4AF /* WeatherViewController.swift */ = {isa = PBXFileReference; lastKnownFileType = sourcecode.swift; path = WeatherViewController.swift; sourceTree = "<group>"; };
		0A01620428A8FE7C0069C4AF /* .gitignore */ = {isa = PBXFileReference; lastKnownFileType = text; path = .gitignore; sourceTree = "<group>"; };
		0A01620628A8FE930069C4AF /* APIKey.swift */ = {isa = PBXFileReference; lastKnownFileType = sourcecode.swift; path = APIKey.swift; sourceTree = "<group>"; };
		0A01620928A8FEF50069C4AF /* Endpoint.swift */ = {isa = PBXFileReference; lastKnownFileType = sourcecode.swift; path = Endpoint.swift; sourceTree = "<group>"; };
		0A01620B28A8FF3A0069C4AF /* APIManager.swift */ = {isa = PBXFileReference; lastKnownFileType = sourcecode.swift; path = APIManager.swift; sourceTree = "<group>"; };
		0A01621428A933030069C4AF /* UIViewController+Extension.swift */ = {isa = PBXFileReference; lastKnownFileType = sourcecode.swift; path = "UIViewController+Extension.swift"; sourceTree = "<group>"; };
/* End PBXFileReference section */

/* Begin PBXFrameworksBuildPhase section */
		0A0161E828A8FC410069C4AF /* Frameworks */ = {
			isa = PBXFrameworksBuildPhase;
			buildActionMask = 2147483647;
			files = (
				0A01621228A8FF9B0069C4AF /* SwiftyJSON in Frameworks */,
				0A01620F28A8FF900069C4AF /* Alamofire in Frameworks */,
			);
			runOnlyForDeploymentPostprocessing = 0;
		};
/* End PBXFrameworksBuildPhase section */

/* Begin PBXGroup section */
		0A0161E228A8FC410069C4AF = {
			isa = PBXGroup;
			children = (
				0A01620428A8FE7C0069C4AF /* .gitignore */,
				0A0161ED28A8FC410069C4AF /* Weather */,
				0A0161EC28A8FC410069C4AF /* Products */,
			);
			sourceTree = "<group>";
		};
		0A0161EC28A8FC410069C4AF /* Products */ = {
			isa = PBXGroup;
			children = (
				0A0161EB28A8FC410069C4AF /* Weather.app */,
			);
			name = Products;
			sourceTree = "<group>";
		};
		0A0161ED28A8FC410069C4AF /* Weather */ = {
			isa = PBXGroup;
			children = (
				0A01620628A8FE930069C4AF /* APIKey.swift */,
				0A01620828A8FEE80069C4AF /* Network */,
				0A0161F428A8FC410069C4AF /* Main.storyboard */,
				0A01620228A8FE1A0069C4AF /* WeatherViewController.swift */,
				0A01621328A932E90069C4AF /* Extensions */,
				0A0161F728A8FC420069C4AF /* Assets.xcassets */,
				0A0161EE28A8FC410069C4AF /* AppDelegate.swift */,
				0A0161F028A8FC410069C4AF /* SceneDelegate.swift */,
				0A0161F928A8FC420069C4AF /* LaunchScreen.storyboard */,
				0A0161FC28A8FC420069C4AF /* Info.plist */,
			);
			path = Weather;
			sourceTree = "<group>";
		};
		0A01620828A8FEE80069C4AF /* Network */ = {
			isa = PBXGroup;
			children = (
				0A01620928A8FEF50069C4AF /* Endpoint.swift */,
				0A01620B28A8FF3A0069C4AF /* APIManager.swift */,
			);
			path = Network;
			sourceTree = "<group>";
		};
		0A01621328A932E90069C4AF /* Extensions */ = {
			isa = PBXGroup;
			children = (
				0A01621428A933030069C4AF /* UIViewController+Extension.swift */,
			);
			path = Extensions;
			sourceTree = "<group>";
		};
/* End PBXGroup section */

/* Begin PBXNativeTarget section */
		0A0161EA28A8FC410069C4AF /* Weather */ = {
			isa = PBXNativeTarget;
			buildConfigurationList = 0A0161FF28A8FC420069C4AF /* Build configuration list for PBXNativeTarget "Weather" */;
			buildPhases = (
				0A0161E728A8FC410069C4AF /* Sources */,
				0A0161E828A8FC410069C4AF /* Frameworks */,
				0A0161E928A8FC410069C4AF /* Resources */,
			);
			buildRules = (
			);
			dependencies = (
			);
			name = Weather;
			packageProductDependencies = (
				0A01620E28A8FF900069C4AF /* Alamofire */,
				0A01621128A8FF9B0069C4AF /* SwiftyJSON */,
			);
			productName = Weather;
			productReference = 0A0161EB28A8FC410069C4AF /* Weather.app */;
			productType = "com.apple.product-type.application";
		};
/* End PBXNativeTarget section */

/* Begin PBXProject section */
		0A0161E328A8FC410069C4AF /* Project object */ = {
			isa = PBXProject;
			attributes = {
				BuildIndependentTargetsInParallel = 1;
				LastSwiftUpdateCheck = 1340;
				LastUpgradeCheck = 1340;
				TargetAttributes = {
					0A0161EA28A8FC410069C4AF = {
						CreatedOnToolsVersion = 13.4.1;
					};
				};
			};
			buildConfigurationList = 0A0161E628A8FC410069C4AF /* Build configuration list for PBXProject "Weather" */;
			compatibilityVersion = "Xcode 13.0";
			developmentRegion = en;
			hasScannedForEncodings = 0;
			knownRegions = (
				en,
				Base,
			);
			mainGroup = 0A0161E228A8FC410069C4AF;
			packageReferences = (
				0A01620D28A8FF900069C4AF /* XCRemoteSwiftPackageReference "Alamofire" */,
				0A01621028A8FF9B0069C4AF /* XCRemoteSwiftPackageReference "SwiftyJSON" */,
			);
			productRefGroup = 0A0161EC28A8FC410069C4AF /* Products */;
			projectDirPath = "";
			projectRoot = "";
			targets = (
				0A0161EA28A8FC410069C4AF /* Weather */,
			);
		};
/* End PBXProject section */

/* Begin PBXResourcesBuildPhase section */
		0A0161E928A8FC410069C4AF /* Resources */ = {
			isa = PBXResourcesBuildPhase;
			buildActionMask = 2147483647;
			files = (
				0A01620528A8FE7C0069C4AF /* .gitignore in Resources */,
				0A0161FB28A8FC420069C4AF /* LaunchScreen.storyboard in Resources */,
				0A0161F828A8FC420069C4AF /* Assets.xcassets in Resources */,
				0A0161F628A8FC410069C4AF /* Main.storyboard in Resources */,
			);
			runOnlyForDeploymentPostprocessing = 0;
		};
/* End PBXResourcesBuildPhase section */

/* Begin PBXSourcesBuildPhase section */
		0A0161E728A8FC410069C4AF /* Sources */ = {
			isa = PBXSourcesBuildPhase;
			buildActionMask = 2147483647;
			files = (
				0A01620C28A8FF3A0069C4AF /* APIManager.swift in Sources */,
				0A0161EF28A8FC410069C4AF /* AppDelegate.swift in Sources */,
				0A01620328A8FE1A0069C4AF /* WeatherViewController.swift in Sources */,
				0A01620728A8FE930069C4AF /* APIKey.swift in Sources */,
				0A01621528A933030069C4AF /* UIViewController+Extension.swift in Sources */,
				0A0161F128A8FC410069C4AF /* SceneDelegate.swift in Sources */,
				0A01620A28A8FEF50069C4AF /* Endpoint.swift in Sources */,
			);
			runOnlyForDeploymentPostprocessing = 0;
		};
/* End PBXSourcesBuildPhase section */

/* Begin PBXVariantGroup section */
		0A0161F428A8FC410069C4AF /* Main.storyboard */ = {
			isa = PBXVariantGroup;
			children = (
				0A0161F528A8FC410069C4AF /* Base */,
			);
			name = Main.storyboard;
			sourceTree = "<group>";
		};
		0A0161F928A8FC420069C4AF /* LaunchScreen.storyboard */ = {
			isa = PBXVariantGroup;
			children = (
				0A0161FA28A8FC420069C4AF /* Base */,
			);
			name = LaunchScreen.storyboard;
			sourceTree = "<group>";
		};
/* End PBXVariantGroup section */

/* Begin XCBuildConfiguration section */
		0A0161FD28A8FC420069C4AF /* Debug */ = {
			isa = XCBuildConfiguration;
			buildSettings = {
				ALWAYS_SEARCH_USER_PATHS = NO;
				CLANG_ANALYZER_NONNULL = YES;
				CLANG_ANALYZER_NUMBER_OBJECT_CONVERSION = YES_AGGRESSIVE;
				CLANG_CXX_LANGUAGE_STANDARD = "gnu++17";
				CLANG_ENABLE_MODULES = YES;
				CLANG_ENABLE_OBJC_ARC = YES;
				CLANG_ENABLE_OBJC_WEAK = YES;
				CLANG_WARN_BLOCK_CAPTURE_AUTORELEASING = YES;
				CLANG_WARN_BOOL_CONVERSION = YES;
				CLANG_WARN_COMMA = YES;
				CLANG_WARN_CONSTANT_CONVERSION = YES;
				CLANG_WARN_DEPRECATED_OBJC_IMPLEMENTATIONS = YES;
				CLANG_WARN_DIRECT_OBJC_ISA_USAGE = YES_ERROR;
				CLANG_WARN_DOCUMENTATION_COMMENTS = YES;
				CLANG_WARN_EMPTY_BODY = YES;
				CLANG_WARN_ENUM_CONVERSION = YES;
				CLANG_WARN_INFINITE_RECURSION = YES;
				CLANG_WARN_INT_CONVERSION = YES;
				CLANG_WARN_NON_LITERAL_NULL_CONVERSION = YES;
				CLANG_WARN_OBJC_IMPLICIT_RETAIN_SELF = YES;
				CLANG_WARN_OBJC_LITERAL_CONVERSION = YES;
				CLANG_WARN_OBJC_ROOT_CLASS = YES_ERROR;
				CLANG_WARN_QUOTED_INCLUDE_IN_FRAMEWORK_HEADER = YES;
				CLANG_WARN_RANGE_LOOP_ANALYSIS = YES;
				CLANG_WARN_STRICT_PROTOTYPES = YES;
				CLANG_WARN_SUSPICIOUS_MOVE = YES;
				CLANG_WARN_UNGUARDED_AVAILABILITY = YES_AGGRESSIVE;
				CLANG_WARN_UNREACHABLE_CODE = YES;
				CLANG_WARN__DUPLICATE_METHOD_MATCH = YES;
				COPY_PHASE_STRIP = NO;
				DEBUG_INFORMATION_FORMAT = dwarf;
				ENABLE_STRICT_OBJC_MSGSEND = YES;
				ENABLE_TESTABILITY = YES;
				GCC_C_LANGUAGE_STANDARD = gnu11;
				GCC_DYNAMIC_NO_PIC = NO;
				GCC_NO_COMMON_BLOCKS = YES;
				GCC_OPTIMIZATION_LEVEL = 0;
				GCC_PREPROCESSOR_DEFINITIONS = (
					"DEBUG=1",
					"$(inherited)",
				);
				GCC_WARN_64_TO_32_BIT_CONVERSION = YES;
				GCC_WARN_ABOUT_RETURN_TYPE = YES_ERROR;
				GCC_WARN_UNDECLARED_SELECTOR = YES;
				GCC_WARN_UNINITIALIZED_AUTOS = YES_AGGRESSIVE;
				GCC_WARN_UNUSED_FUNCTION = YES;
				GCC_WARN_UNUSED_VARIABLE = YES;
				IPHONEOS_DEPLOYMENT_TARGET = 15.5;
				MTL_ENABLE_DEBUG_INFO = INCLUDE_SOURCE;
				MTL_FAST_MATH = YES;
				ONLY_ACTIVE_ARCH = YES;
				SDKROOT = iphoneos;
				SWIFT_ACTIVE_COMPILATION_CONDITIONS = DEBUG;
				SWIFT_OPTIMIZATION_LEVEL = "-Onone";
			};
			name = Debug;
		};
		0A0161FE28A8FC420069C4AF /* Release */ = {
			isa = XCBuildConfiguration;
			buildSettings = {
				ALWAYS_SEARCH_USER_PATHS = NO;
				CLANG_ANALYZER_NONNULL = YES;
				CLANG_ANALYZER_NUMBER_OBJECT_CONVERSION = YES_AGGRESSIVE;
				CLANG_CXX_LANGUAGE_STANDARD = "gnu++17";
				CLANG_ENABLE_MODULES = YES;
				CLANG_ENABLE_OBJC_ARC = YES;
				CLANG_ENABLE_OBJC_WEAK = YES;
				CLANG_WARN_BLOCK_CAPTURE_AUTORELEASING = YES;
				CLANG_WARN_BOOL_CONVERSION = YES;
				CLANG_WARN_COMMA = YES;
				CLANG_WARN_CONSTANT_CONVERSION = YES;
				CLANG_WARN_DEPRECATED_OBJC_IMPLEMENTATIONS = YES;
				CLANG_WARN_DIRECT_OBJC_ISA_USAGE = YES_ERROR;
				CLANG_WARN_DOCUMENTATION_COMMENTS = YES;
				CLANG_WARN_EMPTY_BODY = YES;
				CLANG_WARN_ENUM_CONVERSION = YES;
				CLANG_WARN_INFINITE_RECURSION = YES;
				CLANG_WARN_INT_CONVERSION = YES;
				CLANG_WARN_NON_LITERAL_NULL_CONVERSION = YES;
				CLANG_WARN_OBJC_IMPLICIT_RETAIN_SELF = YES;
				CLANG_WARN_OBJC_LITERAL_CONVERSION = YES;
				CLANG_WARN_OBJC_ROOT_CLASS = YES_ERROR;
				CLANG_WARN_QUOTED_INCLUDE_IN_FRAMEWORK_HEADER = YES;
				CLANG_WARN_RANGE_LOOP_ANALYSIS = YES;
				CLANG_WARN_STRICT_PROTOTYPES = YES;
				CLANG_WARN_SUSPICIOUS_MOVE = YES;
				CLANG_WARN_UNGUARDED_AVAILABILITY = YES_AGGRESSIVE;
				CLANG_WARN_UNREACHABLE_CODE = YES;
				CLANG_WARN__DUPLICATE_METHOD_MATCH = YES;
				COPY_PHASE_STRIP = NO;
				DEBUG_INFORMATION_FORMAT = "dwarf-with-dsym";
				ENABLE_NS_ASSERTIONS = NO;
				ENABLE_STRICT_OBJC_MSGSEND = YES;
				GCC_C_LANGUAGE_STANDARD = gnu11;
				GCC_NO_COMMON_BLOCKS = YES;
				GCC_WARN_64_TO_32_BIT_CONVERSION = YES;
				GCC_WARN_ABOUT_RETURN_TYPE = YES_ERROR;
				GCC_WARN_UNDECLARED_SELECTOR = YES;
				GCC_WARN_UNINITIALIZED_AUTOS = YES_AGGRESSIVE;
				GCC_WARN_UNUSED_FUNCTION = YES;
				GCC_WARN_UNUSED_VARIABLE = YES;
				IPHONEOS_DEPLOYMENT_TARGET = 15.5;
				MTL_ENABLE_DEBUG_INFO = NO;
				MTL_FAST_MATH = YES;
				SDKROOT = iphoneos;
				SWIFT_COMPILATION_MODE = wholemodule;
				SWIFT_OPTIMIZATION_LEVEL = "-O";
				VALIDATE_PRODUCT = YES;
			};
			name = Release;
		};
		0A01620028A8FC420069C4AF /* Debug */ = {
			isa = XCBuildConfiguration;
			buildSettings = {
				ASSETCATALOG_COMPILER_APPICON_NAME = AppIcon;
				ASSETCATALOG_COMPILER_GLOBAL_ACCENT_COLOR_NAME = AccentColor;
				CODE_SIGN_STYLE = Automatic;
				CURRENT_PROJECT_VERSION = 1;
				DEVELOPMENT_TEAM = JZ9V99JF7T;
				GENERATE_INFOPLIST_FILE = YES;
				INFOPLIST_FILE = Weather/Info.plist;
				INFOPLIST_KEY_UIApplicationSupportsIndirectInputEvents = YES;
				INFOPLIST_KEY_UILaunchStoryboardName = LaunchScreen;
				INFOPLIST_KEY_UIMainStoryboardFile = Main;
				INFOPLIST_KEY_UISupportedInterfaceOrientations_iPad = "UIInterfaceOrientationPortrait UIInterfaceOrientationPortraitUpsideDown UIInterfaceOrientationLandscapeLeft UIInterfaceOrientationLandscapeRight";
				INFOPLIST_KEY_UISupportedInterfaceOrientations_iPhone = "UIInterfaceOrientationPortrait UIInterfaceOrientationLandscapeLeft UIInterfaceOrientationLandscapeRight";
				LD_RUNPATH_SEARCH_PATHS = (
					"$(inherited)",
					"@executable_path/Frameworks",
				);
				MARKETING_VERSION = 1.0;
				PRODUCT_BUNDLE_IDENTIFIER = com.sani.Weather;
				PRODUCT_NAME = "$(TARGET_NAME)";
				SWIFT_EMIT_LOC_STRINGS = YES;
				SWIFT_VERSION = 5.0;
				TARGETED_DEVICE_FAMILY = "1,2";
			};
			name = Debug;
		};
		0A01620128A8FC420069C4AF /* Release */ = {
			isa = XCBuildConfiguration;
			buildSettings = {
				ASSETCATALOG_COMPILER_APPICON_NAME = AppIcon;
				ASSETCATALOG_COMPILER_GLOBAL_ACCENT_COLOR_NAME = AccentColor;
				CODE_SIGN_STYLE = Automatic;
				CURRENT_PROJECT_VERSION = 1;
				DEVELOPMENT_TEAM = JZ9V99JF7T;
				GENERATE_INFOPLIST_FILE = YES;
				INFOPLIST_FILE = Weather/Info.plist;
				INFOPLIST_KEY_UIApplicationSupportsIndirectInputEvents = YES;
				INFOPLIST_KEY_UILaunchStoryboardName = LaunchScreen;
				INFOPLIST_KEY_UIMainStoryboardFile = Main;
				INFOPLIST_KEY_UISupportedInterfaceOrientations_iPad = "UIInterfaceOrientationPortrait UIInterfaceOrientationPortraitUpsideDown UIInterfaceOrientationLandscapeLeft UIInterfaceOrientationLandscapeRight";
				INFOPLIST_KEY_UISupportedInterfaceOrientations_iPhone = "UIInterfaceOrientationPortrait UIInterfaceOrientationLandscapeLeft UIInterfaceOrientationLandscapeRight";
				LD_RUNPATH_SEARCH_PATHS = (
					"$(inherited)",
					"@executable_path/Frameworks",
				);
				MARKETING_VERSION = 1.0;
				PRODUCT_BUNDLE_IDENTIFIER = com.sani.Weather;
				PRODUCT_NAME = "$(TARGET_NAME)";
				SWIFT_EMIT_LOC_STRINGS = YES;
				SWIFT_VERSION = 5.0;
				TARGETED_DEVICE_FAMILY = "1,2";
			};
			name = Release;
		};
/* End XCBuildConfiguration section */

/* Begin XCConfigurationList section */
		0A0161E628A8FC410069C4AF /* Build configuration list for PBXProject "Weather" */ = {
			isa = XCConfigurationList;
			buildConfigurations = (
				0A0161FD28A8FC420069C4AF /* Debug */,
				0A0161FE28A8FC420069C4AF /* Release */,
			);
			defaultConfigurationIsVisible = 0;
			defaultConfigurationName = Release;
		};
		0A0161FF28A8FC420069C4AF /* Build configuration list for PBXNativeTarget "Weather" */ = {
			isa = XCConfigurationList;
			buildConfigurations = (
				0A01620028A8FC420069C4AF /* Debug */,
				0A01620128A8FC420069C4AF /* Release */,
			);
			defaultConfigurationIsVisible = 0;
			defaultConfigurationName = Release;
		};
/* End XCConfigurationList section */

/* Begin XCRemoteSwiftPackageReference section */
		0A01620D28A8FF900069C4AF /* XCRemoteSwiftPackageReference "Alamofire" */ = {
			isa = XCRemoteSwiftPackageReference;
			repositoryURL = "https://github.com/Alamofire/Alamofire";
			requirement = {
				kind = upToNextMajorVersion;
				minimumVersion = 5.0.0;
			};
		};
		0A01621028A8FF9B0069C4AF /* XCRemoteSwiftPackageReference "SwiftyJSON" */ = {
			isa = XCRemoteSwiftPackageReference;
			repositoryURL = "https://github.com/SwiftyJSON/SwiftyJSON";
			requirement = {
				kind = upToNextMajorVersion;
				minimumVersion = 5.0.0;
			};
		};
/* End XCRemoteSwiftPackageReference section */

/* Begin XCSwiftPackageProductDependency section */
		0A01620E28A8FF900069C4AF /* Alamofire */ = {
			isa = XCSwiftPackageProductDependency;
			package = 0A01620D28A8FF900069C4AF /* XCRemoteSwiftPackageReference "Alamofire" */;
			productName = Alamofire;
		};
		0A01621128A8FF9B0069C4AF /* SwiftyJSON */ = {
			isa = XCSwiftPackageProductDependency;
			package = 0A01621028A8FF9B0069C4AF /* XCRemoteSwiftPackageReference "SwiftyJSON" */;
			productName = SwiftyJSON;
		};
/* End XCSwiftPackageProductDependency section */
	};
	rootObject = 0A0161E328A8FC410069C4AF /* Project object */;
}
